// !$*UTF8*$!
{
	archiveVersion = 1;
	classes = {
	};
	objectVersion = 48;
	objects = {

/* Begin PBXBuildFile section */
		7538DFC62066A6F600B33E41 /* AppDelegate.swift in Sources */ = {isa = PBXBuildFile; fileRef = 7538DFC52066A6F600B33E41 /* AppDelegate.swift */; };
		7538DFCD2066A6F600B33E41 /* Assets.xcassets in Resources */ = {isa = PBXBuildFile; fileRef = 7538DFCC2066A6F600B33E41 /* Assets.xcassets */; };
		7538DFD02066A6F600B33E41 /* LaunchScreen.storyboard in Resources */ = {isa = PBXBuildFile; fileRef = 7538DFCE2066A6F600B33E41 /* LaunchScreen.storyboard */; };
		75BEA1B9206F0CC6005ECE89 /* RxCocoa.framework in Frameworks */ = {isa = PBXBuildFile; fileRef = 75BEA1B8206F0CC6005ECE89 /* RxCocoa.framework */; };
		75C471232066FB630060E0F1 /* RxMoya.framework in Frameworks */ = {isa = PBXBuildFile; fileRef = 75C471192066FB620060E0F1 /* RxMoya.framework */; };
		75C471242066FB630060E0F1 /* RxSwift.framework in Frameworks */ = {isa = PBXBuildFile; fileRef = 75C4711A2066FB620060E0F1 /* RxSwift.framework */; };
		75C471262066FB630060E0F1 /* Alamofire.framework in Frameworks */ = {isa = PBXBuildFile; fileRef = 75C4711C2066FB620060E0F1 /* Alamofire.framework */; };
		75C471292066FB630060E0F1 /* Result.framework in Frameworks */ = {isa = PBXBuildFile; fileRef = 75C4711F2066FB620060E0F1 /* Result.framework */; };
		75C4712C2066FB630060E0F1 /* Moya.framework in Frameworks */ = {isa = PBXBuildFile; fileRef = 75C471222066FB620060E0F1 /* Moya.framework */; };
		75DB2E782066E1D900DC799F /* RootViewControllerFactory.swift in Sources */ = {isa = PBXBuildFile; fileRef = 75DB2E772066E1D900DC799F /* RootViewControllerFactory.swift */; };
		75DB2E7C2066E24D00DC799F /* MainWindowFactory.swift in Sources */ = {isa = PBXBuildFile; fileRef = 75DB2E7B2066E24D00DC799F /* MainWindowFactory.swift */; };
		B4E3301ABBCE60EBB79B170C /* ReasonDetail.swift in Sources */ = {isa = PBXBuildFile; fileRef = B4E33B6222F6D4667F87F13D /* ReasonDetail.swift */; };
		B4E33049391045373115516C /* EntryPointResourceMoyaGateway.swift in Sources */ = {isa = PBXBuildFile; fileRef = B4E33A981F8641957540E577 /* EntryPointResourceMoyaGateway.swift */; };
		B4E330DAB2C530ABF65864E0 /* ResourceMoyaGateway.swift in Sources */ = {isa = PBXBuildFile; fileRef = B4E339144573656124C19C9E /* ResourceMoyaGateway.swift */; };
		B4E33133A7126DDC5F6C9840 /* ChargebackView.swift in Sources */ = {isa = PBXBuildFile; fileRef = B4E33F88034A0CD334B5BB2E /* ChargebackView.swift */; };
		B4E33135AF5E72FD65D8D5CB /* NoticeView.swift in Sources */ = {isa = PBXBuildFile; fileRef = B4E33A633FA7833C0EB04589 /* NoticeView.swift */; };
		B4E331447A1AD42119B4E4A0 /* BindableView.swift in Sources */ = {isa = PBXBuildFile; fileRef = B4E339EB745070DC222952B5 /* BindableView.swift */; };
		B4E3319A4C4E0429DE2C2357 /* UIColor.swift in Sources */ = {isa = PBXBuildFile; fileRef = B4E33D312BCEE97D9F053A62 /* UIColor.swift */; };
		B4E331FB28DB6DC20DB43310 /* NoticeViewController.swift in Sources */ = {isa = PBXBuildFile; fileRef = B4E3322620EDCF90FB1E7344 /* NoticeViewController.swift */; };
		B4E3324A280DE2B359A5F327 /* ShowNoticeUseCaseFactory.swift in Sources */ = {isa = PBXBuildFile; fileRef = B4E33D6FB36222FE4F444C53 /* ShowNoticeUseCaseFactory.swift */; };
		B4E33375A1ACF6369E0016B0 /* NuView.swift in Sources */ = {isa = PBXBuildFile; fileRef = B4E3319126382CF198FACC60 /* NuView.swift */; };
		B4E33385B6E3371F07460CA9 /* Action.swift in Sources */ = {isa = PBXBuildFile; fileRef = B4E33D503AFC1B24CA20BD18 /* Action.swift */; };
		B4E3340C401904FF02CD7C1F /* Assets.swift in Sources */ = {isa = PBXBuildFile; fileRef = B4E33EA68BADE5B833B97CFE /* Assets.swift */; };
		B4E33422B5F491FF39152527 /* BaseModel.swift in Sources */ = {isa = PBXBuildFile; fileRef = B4E33565EFB26C5D51FAC41B /* BaseModel.swift */; };
		B4E3359D75C7F6B144811FA3 /* UIView.swift in Sources */ = {isa = PBXBuildFile; fileRef = B4E33E22826637B208D3084E /* UIView.swift */; };
		B4E335C8C9B6AED35DCCD83C /* Bindable.swift in Sources */ = {isa = PBXBuildFile; fileRef = B4E33D4B31D74724607DE556 /* Bindable.swift */; };
		B4E3361EA3477D8337A33FC3 /* EntryPointResourceGateway.swift in Sources */ = {isa = PBXBuildFile; fileRef = B4E335929AD96515951616CA /* EntryPointResourceGateway.swift */; };
		B4E336760C5DB84454267EEB /* NoticeViewModel.swift in Sources */ = {isa = PBXBuildFile; fileRef = B4E331D4E46248E2484359CA /* NoticeViewModel.swift */; };
		B4E336DA652B88E1072BD08E /* ResourceKey.swift in Sources */ = {isa = PBXBuildFile; fileRef = B4E3311603F3ADF20FD8EDE2 /* ResourceKey.swift */; };
		B4E336EA074FA3B989DC4F65 /* ResourceRouter.swift in Sources */ = {isa = PBXBuildFile; fileRef = B4E339EF392D4771B89BDF16 /* ResourceRouter.swift */; };
		B4E337481C54829168C5B170 /* ChargebackPresenterFactory.swift in Sources */ = {isa = PBXBuildFile; fileRef = B4E33B5395E0E0FDEA8ADA8A /* ChargebackPresenterFactory.swift */; };
		B4E337624583CA5CB2CE3D25 /* EntryPointBaseModelFactory.swift in Sources */ = {isa = PBXBuildFile; fileRef = B4E3333CA34DE85BA19EBAA2 /* EntryPointBaseModelFactory.swift */; };
		B4E337DAB1DC6C35C72FA742 /* ChargeViewModel.swift in Sources */ = {isa = PBXBuildFile; fileRef = B4E3355327D2F843626730F0 /* ChargeViewModel.swift */; };
		B4E33808FF82CF40BD5CBE6B /* FontSize.swift in Sources */ = {isa = PBXBuildFile; fileRef = B4E33DA1BBC6F367FBD546D1 /* FontSize.swift */; };
		B4E33855C5F12674B87FA176 /* ChargebackViewController.swift in Sources */ = {isa = PBXBuildFile; fileRef = B4E33EC7B1A0935B17945EA8 /* ChargebackViewController.swift */; };
		B4E339E50CEAEE3C735D2C9F /* ChargebackPresenterInput.swift in Sources */ = {isa = PBXBuildFile; fileRef = B4E331D566D373CD1C2AD546 /* ChargebackPresenterInput.swift */; };
		B4E33A9FF1EADC788450F481 /* ApplicationProperties.swift in Sources */ = {isa = PBXBuildFile; fileRef = B4E3321BC3629E23B65319EE /* ApplicationProperties.swift */; };
		B4E33AE060EE57C7683471BC /* ChargebackPresenter.swift in Sources */ = {isa = PBXBuildFile; fileRef = B4E33C65DEE5A32E77CE4331 /* ChargebackPresenter.swift */; };
		B4E33B262E5A4B4E47A91C88 /* ResourceGateway.swift in Sources */ = {isa = PBXBuildFile; fileRef = B4E33461E9B8F16AC261E752 /* ResourceGateway.swift */; };
		B4E33B819B8B3CF7D5EBEA22 /* ShowNoticeUseCase.swift in Sources */ = {isa = PBXBuildFile; fileRef = B4E33BFD2D3E87340CECB6A6 /* ShowNoticeUseCase.swift */; };
		B4E33C080DD53CB4A2DE1847 /* ChargebackPresenterOutput.swift in Sources */ = {isa = PBXBuildFile; fileRef = B4E33BCCB3BF6CD361D11241 /* ChargebackPresenterOutput.swift */; };
		B4E33CBD42EED35A29B5A2B1 /* NoticePresenter.swift in Sources */ = {isa = PBXBuildFile; fileRef = B4E33A95A10498AC52B452CF /* NoticePresenter.swift */; };
		B4E33CEA6924C97BEDF69283 /* Chargeback.swift in Sources */ = {isa = PBXBuildFile; fileRef = B4E33CB870FA05D5D8C1C337 /* Chargeback.swift */; };
		B4E33D127B49893031DB7B1C /* ShowChargebackInformationUseCaseFactory.swift in Sources */ = {isa = PBXBuildFile; fileRef = B4E33CF42B29491BDF2499ED /* ShowChargebackInformationUseCaseFactory.swift */; };
		B4E33D162C3880CB39B3563C /* NubankTarget.swift in Sources */ = {isa = PBXBuildFile; fileRef = B4E33600525F955954F9FA9D /* NubankTarget.swift */; };
		B4E33D45E1610007D32CCBD9 /* Notice.swift in Sources */ = {isa = PBXBuildFile; fileRef = B4E33FF3480757F3E900EBFA /* Notice.swift */; };
		B4E33DA244740CBFFAF44765 /* ResourceError.swift in Sources */ = {isa = PBXBuildFile; fileRef = B4E3384AEB610A1B88169332 /* ResourceError.swift */; };
		B4E33DD471536B23D2817B53 /* DictionaryTests.swift in Sources */ = {isa = PBXBuildFile; fileRef = B4E330925724986058B197C8 /* DictionaryTests.swift */; };
		B4E33DDBBE3850656EFFCB12 /* BaseViewController.swift in Sources */ = {isa = PBXBuildFile; fileRef = B4E3351B7F53E09355EE96AD /* BaseViewController.swift */; };
		B4E33E1CF5F9C77B7918F184 /* NSAttributedString.swift in Sources */ = {isa = PBXBuildFile; fileRef = B4E33DF21707F7991CD1CF16 /* NSAttributedString.swift */; };
		B4E33E1FF15D8194459F7316 /* BaseViewControllerTests.swift in Sources */ = {isa = PBXBuildFile; fileRef = B4E33721A9DD25BF3D3A2C21 /* BaseViewControllerTests.swift */; };
		B4E33EAAFDB17DFA959F6FFB /* ResourceRouterFactory.swift in Sources */ = {isa = PBXBuildFile; fileRef = B4E3364B27FCBEADA75610CC /* ResourceRouterFactory.swift */; };
		B4E33EBB34A598965C6AFD38 /* Dictionary.swift in Sources */ = {isa = PBXBuildFile; fileRef = B4E3392FEF60189C8CF41146 /* Dictionary.swift */; };
		B4E33F54A067AD1423865964 /* ShowChargebackInformationUseCase.swift in Sources */ = {isa = PBXBuildFile; fileRef = B4E3389EB572BB870ACBF95E /* ShowChargebackInformationUseCase.swift */; };
		B4E33F73835CD0AD489543FA /* ResourceRoutable.swift in Sources */ = {isa = PBXBuildFile; fileRef = B4E33C607CE179104644B532 /* ResourceRoutable.swift */; };
		B4E33FBDEAB65E728634C034 /* Resource.swift in Sources */ = {isa = PBXBuildFile; fileRef = B4E33430591D91087C9FD1C3 /* Resource.swift */; };
/* End PBXBuildFile section */

/* Begin PBXContainerItemProxy section */
		7512546F2066E6B800FE888E /* PBXContainerItemProxy */ = {
			isa = PBXContainerItemProxy;
			containerPortal = 7538DFBA2066A6F600B33E41 /* Project object */;
			proxyType = 1;
			remoteGlobalIDString = 7538DFC12066A6F600B33E41;
			remoteInfo = Chargeback;
		};
/* End PBXContainerItemProxy section */

/* Begin PBXFileReference section */
		7512546A2066E6B800FE888E /* ChargebackTests.xctest */ = {isa = PBXFileReference; explicitFileType = wrapper.cfbundle; includeInIndex = 0; path = ChargebackTests.xctest; sourceTree = BUILT_PRODUCTS_DIR; };
		7512546E2066E6B800FE888E /* Info.plist */ = {isa = PBXFileReference; lastKnownFileType = text.plist.xml; path = Info.plist; sourceTree = "<group>"; };
		7538DFC22066A6F600B33E41 /* Chargeback.app */ = {isa = PBXFileReference; explicitFileType = wrapper.application; includeInIndex = 0; path = Chargeback.app; sourceTree = BUILT_PRODUCTS_DIR; };
		7538DFC52066A6F600B33E41 /* AppDelegate.swift */ = {isa = PBXFileReference; lastKnownFileType = sourcecode.swift; path = AppDelegate.swift; sourceTree = "<group>"; };
		7538DFCC2066A6F600B33E41 /* Assets.xcassets */ = {isa = PBXFileReference; lastKnownFileType = folder.assetcatalog; path = Assets.xcassets; sourceTree = "<group>"; };
		7538DFCF2066A6F600B33E41 /* Base */ = {isa = PBXFileReference; lastKnownFileType = file.storyboard; name = Base; path = Base.lproj/LaunchScreen.storyboard; sourceTree = "<group>"; };
		7538DFD12066A6F600B33E41 /* Info.plist */ = {isa = PBXFileReference; lastKnownFileType = text.plist.xml; path = Info.plist; sourceTree = "<group>"; };
		75BEA1B8206F0CC6005ECE89 /* RxCocoa.framework */ = {isa = PBXFileReference; lastKnownFileType = wrapper.framework; name = RxCocoa.framework; path = Carthage/Build/iOS/RxCocoa.framework; sourceTree = "<group>"; };
		75C471192066FB620060E0F1 /* RxMoya.framework */ = {isa = PBXFileReference; lastKnownFileType = wrapper.framework; name = RxMoya.framework; path = Carthage/Build/iOS/RxMoya.framework; sourceTree = "<group>"; };
		75C4711A2066FB620060E0F1 /* RxSwift.framework */ = {isa = PBXFileReference; lastKnownFileType = wrapper.framework; name = RxSwift.framework; path = Carthage/Build/iOS/RxSwift.framework; sourceTree = "<group>"; };
		75C4711B2066FB620060E0F1 /* Moya.framework.dSYM */ = {isa = PBXFileReference; lastKnownFileType = wrapper.dsym; name = Moya.framework.dSYM; path = Carthage/Build/iOS/Moya.framework.dSYM; sourceTree = "<group>"; };
		75C4711C2066FB620060E0F1 /* Alamofire.framework */ = {isa = PBXFileReference; lastKnownFileType = wrapper.framework; name = Alamofire.framework; path = Carthage/Build/iOS/Alamofire.framework; sourceTree = "<group>"; };
		75C4711D2066FB620060E0F1 /* Alamofire.framework.dSYM */ = {isa = PBXFileReference; lastKnownFileType = wrapper.dsym; name = Alamofire.framework.dSYM; path = Carthage/Build/iOS/Alamofire.framework.dSYM; sourceTree = "<group>"; };
		75C4711E2066FB620060E0F1 /* Result.framework.dSYM */ = {isa = PBXFileReference; lastKnownFileType = wrapper.dsym; name = Result.framework.dSYM; path = Carthage/Build/iOS/Result.framework.dSYM; sourceTree = "<group>"; };
		75C4711F2066FB620060E0F1 /* Result.framework */ = {isa = PBXFileReference; lastKnownFileType = wrapper.framework; name = Result.framework; path = Carthage/Build/iOS/Result.framework; sourceTree = "<group>"; };
		75C471202066FB620060E0F1 /* RxMoya.framework.dSYM */ = {isa = PBXFileReference; lastKnownFileType = wrapper.dsym; name = RxMoya.framework.dSYM; path = Carthage/Build/iOS/RxMoya.framework.dSYM; sourceTree = "<group>"; };
		75C471212066FB620060E0F1 /* RxSwift.framework.dSYM */ = {isa = PBXFileReference; lastKnownFileType = wrapper.dsym; name = RxSwift.framework.dSYM; path = Carthage/Build/iOS/RxSwift.framework.dSYM; sourceTree = "<group>"; };
		75C471222066FB620060E0F1 /* Moya.framework */ = {isa = PBXFileReference; lastKnownFileType = wrapper.framework; name = Moya.framework; path = Carthage/Build/iOS/Moya.framework; sourceTree = "<group>"; };
		75DB2E772066E1D900DC799F /* RootViewControllerFactory.swift */ = {isa = PBXFileReference; lastKnownFileType = sourcecode.swift; path = RootViewControllerFactory.swift; sourceTree = "<group>"; };
		75DB2E7B2066E24D00DC799F /* MainWindowFactory.swift */ = {isa = PBXFileReference; lastKnownFileType = sourcecode.swift; path = MainWindowFactory.swift; sourceTree = "<group>"; };
		B4E330925724986058B197C8 /* DictionaryTests.swift */ = {isa = PBXFileReference; fileEncoding = 4; lastKnownFileType = sourcecode.swift; path = DictionaryTests.swift; sourceTree = "<group>"; };
		B4E3311603F3ADF20FD8EDE2 /* ResourceKey.swift */ = {isa = PBXFileReference; fileEncoding = 4; lastKnownFileType = sourcecode.swift; path = ResourceKey.swift; sourceTree = "<group>"; };
		B4E3319126382CF198FACC60 /* NuView.swift */ = {isa = PBXFileReference; fileEncoding = 4; lastKnownFileType = sourcecode.swift; path = NuView.swift; sourceTree = "<group>"; };
		B4E331D4E46248E2484359CA /* NoticeViewModel.swift */ = {isa = PBXFileReference; fileEncoding = 4; lastKnownFileType = sourcecode.swift; path = NoticeViewModel.swift; sourceTree = "<group>"; };
		B4E331D566D373CD1C2AD546 /* ChargebackPresenterInput.swift */ = {isa = PBXFileReference; fileEncoding = 4; lastKnownFileType = sourcecode.swift; path = ChargebackPresenterInput.swift; sourceTree = "<group>"; };
		B4E3321BC3629E23B65319EE /* ApplicationProperties.swift */ = {isa = PBXFileReference; fileEncoding = 4; lastKnownFileType = sourcecode.swift; path = ApplicationProperties.swift; sourceTree = "<group>"; };
		B4E3322620EDCF90FB1E7344 /* NoticeViewController.swift */ = {isa = PBXFileReference; fileEncoding = 4; lastKnownFileType = sourcecode.swift; path = NoticeViewController.swift; sourceTree = "<group>"; };
		B4E3333CA34DE85BA19EBAA2 /* EntryPointBaseModelFactory.swift */ = {isa = PBXFileReference; fileEncoding = 4; lastKnownFileType = sourcecode.swift; path = EntryPointBaseModelFactory.swift; sourceTree = "<group>"; };
		B4E33430591D91087C9FD1C3 /* Resource.swift */ = {isa = PBXFileReference; fileEncoding = 4; lastKnownFileType = sourcecode.swift; path = Resource.swift; sourceTree = "<group>"; };
		B4E33461E9B8F16AC261E752 /* ResourceGateway.swift */ = {isa = PBXFileReference; fileEncoding = 4; lastKnownFileType = sourcecode.swift; path = ResourceGateway.swift; sourceTree = "<group>"; };
		B4E3351B7F53E09355EE96AD /* BaseViewController.swift */ = {isa = PBXFileReference; fileEncoding = 4; lastKnownFileType = sourcecode.swift; path = BaseViewController.swift; sourceTree = "<group>"; };
		B4E3355327D2F843626730F0 /* ChargeViewModel.swift */ = {isa = PBXFileReference; fileEncoding = 4; lastKnownFileType = sourcecode.swift; path = ChargeViewModel.swift; sourceTree = "<group>"; };
		B4E33565EFB26C5D51FAC41B /* BaseModel.swift */ = {isa = PBXFileReference; fileEncoding = 4; lastKnownFileType = sourcecode.swift; path = BaseModel.swift; sourceTree = "<group>"; };
		B4E335929AD96515951616CA /* EntryPointResourceGateway.swift */ = {isa = PBXFileReference; fileEncoding = 4; lastKnownFileType = sourcecode.swift; path = EntryPointResourceGateway.swift; sourceTree = "<group>"; };
		B4E33600525F955954F9FA9D /* NubankTarget.swift */ = {isa = PBXFileReference; fileEncoding = 4; lastKnownFileType = sourcecode.swift; path = NubankTarget.swift; sourceTree = "<group>"; };
		B4E3364B27FCBEADA75610CC /* ResourceRouterFactory.swift */ = {isa = PBXFileReference; fileEncoding = 4; lastKnownFileType = sourcecode.swift; path = ResourceRouterFactory.swift; sourceTree = "<group>"; };
		B4E33721A9DD25BF3D3A2C21 /* BaseViewControllerTests.swift */ = {isa = PBXFileReference; fileEncoding = 4; lastKnownFileType = sourcecode.swift; path = BaseViewControllerTests.swift; sourceTree = "<group>"; };
		B4E3384AEB610A1B88169332 /* ResourceError.swift */ = {isa = PBXFileReference; fileEncoding = 4; lastKnownFileType = sourcecode.swift; path = ResourceError.swift; sourceTree = "<group>"; };
		B4E3389EB572BB870ACBF95E /* ShowChargebackInformationUseCase.swift */ = {isa = PBXFileReference; fileEncoding = 4; lastKnownFileType = sourcecode.swift; path = ShowChargebackInformationUseCase.swift; sourceTree = "<group>"; };
		B4E339144573656124C19C9E /* ResourceMoyaGateway.swift */ = {isa = PBXFileReference; fileEncoding = 4; lastKnownFileType = sourcecode.swift; path = ResourceMoyaGateway.swift; sourceTree = "<group>"; };
		B4E3392FEF60189C8CF41146 /* Dictionary.swift */ = {isa = PBXFileReference; fileEncoding = 4; lastKnownFileType = sourcecode.swift; path = Dictionary.swift; sourceTree = "<group>"; };
		B4E339EB745070DC222952B5 /* BindableView.swift */ = {isa = PBXFileReference; fileEncoding = 4; lastKnownFileType = sourcecode.swift; path = BindableView.swift; sourceTree = "<group>"; };
		B4E339EF392D4771B89BDF16 /* ResourceRouter.swift */ = {isa = PBXFileReference; fileEncoding = 4; lastKnownFileType = sourcecode.swift; path = ResourceRouter.swift; sourceTree = "<group>"; };
		B4E33A633FA7833C0EB04589 /* NoticeView.swift */ = {isa = PBXFileReference; fileEncoding = 4; lastKnownFileType = sourcecode.swift; path = NoticeView.swift; sourceTree = "<group>"; };
		B4E33A95A10498AC52B452CF /* NoticePresenter.swift */ = {isa = PBXFileReference; fileEncoding = 4; lastKnownFileType = sourcecode.swift; path = NoticePresenter.swift; sourceTree = "<group>"; };
		B4E33A981F8641957540E577 /* EntryPointResourceMoyaGateway.swift */ = {isa = PBXFileReference; fileEncoding = 4; lastKnownFileType = sourcecode.swift; path = EntryPointResourceMoyaGateway.swift; sourceTree = "<group>"; };
		B4E33B5395E0E0FDEA8ADA8A /* ChargebackPresenterFactory.swift */ = {isa = PBXFileReference; fileEncoding = 4; lastKnownFileType = sourcecode.swift; path = ChargebackPresenterFactory.swift; sourceTree = "<group>"; };
		B4E33B6222F6D4667F87F13D /* ReasonDetail.swift */ = {isa = PBXFileReference; fileEncoding = 4; lastKnownFileType = sourcecode.swift; path = ReasonDetail.swift; sourceTree = "<group>"; };
		B4E33BCCB3BF6CD361D11241 /* ChargebackPresenterOutput.swift */ = {isa = PBXFileReference; fileEncoding = 4; lastKnownFileType = sourcecode.swift; path = ChargebackPresenterOutput.swift; sourceTree = "<group>"; };
		B4E33BFD2D3E87340CECB6A6 /* ShowNoticeUseCase.swift */ = {isa = PBXFileReference; fileEncoding = 4; lastKnownFileType = sourcecode.swift; path = ShowNoticeUseCase.swift; sourceTree = "<group>"; };
		B4E33C607CE179104644B532 /* ResourceRoutable.swift */ = {isa = PBXFileReference; fileEncoding = 4; lastKnownFileType = sourcecode.swift; path = ResourceRoutable.swift; sourceTree = "<group>"; };
		B4E33C65DEE5A32E77CE4331 /* ChargebackPresenter.swift */ = {isa = PBXFileReference; fileEncoding = 4; lastKnownFileType = sourcecode.swift; path = ChargebackPresenter.swift; sourceTree = "<group>"; };
		B4E33CB870FA05D5D8C1C337 /* Chargeback.swift */ = {isa = PBXFileReference; fileEncoding = 4; lastKnownFileType = sourcecode.swift; path = Chargeback.swift; sourceTree = "<group>"; };
		B4E33CF42B29491BDF2499ED /* ShowChargebackInformationUseCaseFactory.swift */ = {isa = PBXFileReference; fileEncoding = 4; lastKnownFileType = sourcecode.swift; path = ShowChargebackInformationUseCaseFactory.swift; sourceTree = "<group>"; };
		B4E33D312BCEE97D9F053A62 /* UIColor.swift */ = {isa = PBXFileReference; fileEncoding = 4; lastKnownFileType = sourcecode.swift; path = UIColor.swift; sourceTree = "<group>"; };
		B4E33D4B31D74724607DE556 /* Bindable.swift */ = {isa = PBXFileReference; fileEncoding = 4; lastKnownFileType = sourcecode.swift; path = Bindable.swift; sourceTree = "<group>"; };
		B4E33D503AFC1B24CA20BD18 /* Action.swift */ = {isa = PBXFileReference; fileEncoding = 4; lastKnownFileType = sourcecode.swift; path = Action.swift; sourceTree = "<group>"; };
		B4E33D6FB36222FE4F444C53 /* ShowNoticeUseCaseFactory.swift */ = {isa = PBXFileReference; fileEncoding = 4; lastKnownFileType = sourcecode.swift; path = ShowNoticeUseCaseFactory.swift; sourceTree = "<group>"; };
		B4E33DA1BBC6F367FBD546D1 /* FontSize.swift */ = {isa = PBXFileReference; fileEncoding = 4; lastKnownFileType = sourcecode.swift; path = FontSize.swift; sourceTree = "<group>"; };
		B4E33DF21707F7991CD1CF16 /* NSAttributedString.swift */ = {isa = PBXFileReference; fileEncoding = 4; lastKnownFileType = sourcecode.swift; path = NSAttributedString.swift; sourceTree = "<group>"; };
		B4E33E22826637B208D3084E /* UIView.swift */ = {isa = PBXFileReference; fileEncoding = 4; lastKnownFileType = sourcecode.swift; path = UIView.swift; sourceTree = "<group>"; };
		B4E33EA68BADE5B833B97CFE /* Assets.swift */ = {isa = PBXFileReference; fileEncoding = 4; lastKnownFileType = sourcecode.swift; path = Assets.swift; sourceTree = "<group>"; };
		B4E33EC7B1A0935B17945EA8 /* ChargebackViewController.swift */ = {isa = PBXFileReference; fileEncoding = 4; lastKnownFileType = sourcecode.swift; path = ChargebackViewController.swift; sourceTree = "<group>"; };
		B4E33F88034A0CD334B5BB2E /* ChargebackView.swift */ = {isa = PBXFileReference; fileEncoding = 4; lastKnownFileType = sourcecode.swift; path = ChargebackView.swift; sourceTree = "<group>"; };
		B4E33FF3480757F3E900EBFA /* Notice.swift */ = {isa = PBXFileReference; fileEncoding = 4; lastKnownFileType = sourcecode.swift; path = Notice.swift; sourceTree = "<group>"; };
/* End PBXFileReference section */

/* Begin PBXFrameworksBuildPhase section */
		751254672066E6B800FE888E /* Frameworks */ = {
			isa = PBXFrameworksBuildPhase;
			buildActionMask = 2147483647;
			files = (
			);
			runOnlyForDeploymentPostprocessing = 0;
		};
		7538DFBF2066A6F600B33E41 /* Frameworks */ = {
			isa = PBXFrameworksBuildPhase;
			buildActionMask = 2147483647;
			files = (
				75BEA1B9206F0CC6005ECE89 /* RxCocoa.framework in Frameworks */,
				75C471232066FB630060E0F1 /* RxMoya.framework in Frameworks */,
				75C471242066FB630060E0F1 /* RxSwift.framework in Frameworks */,
				75C471262066FB630060E0F1 /* Alamofire.framework in Frameworks */,
				75C471292066FB630060E0F1 /* Result.framework in Frameworks */,
				75C4712C2066FB630060E0F1 /* Moya.framework in Frameworks */,
			);
			runOnlyForDeploymentPostprocessing = 0;
		};
/* End PBXFrameworksBuildPhase section */

/* Begin PBXGroup section */
		7512546B2066E6B800FE888E /* ChargebackTests */ = {
			isa = PBXGroup;
			children = (
				7512546E2066E6B800FE888E /* Info.plist */,
				B4E3395B0CC3374D146CDBA0 /* Common */,
				B4E3338A7DAEB6D8087F4D1B /* Feature */,
			);
			path = ChargebackTests;
			sourceTree = "<group>";
		};
		7538DFB92066A6F600B33E41 = {
			isa = PBXGroup;
			children = (
				7538DFC42066A6F600B33E41 /* Chargeback */,
				7512546B2066E6B800FE888E /* ChargebackTests */,
				7538DFC32066A6F600B33E41 /* Products */,
				75C471182066FB620060E0F1 /* Frameworks */,
			);
			sourceTree = "<group>";
		};
		7538DFC32066A6F600B33E41 /* Products */ = {
			isa = PBXGroup;
			children = (
				7538DFC22066A6F600B33E41 /* Chargeback.app */,
				7512546A2066E6B800FE888E /* ChargebackTests.xctest */,
			);
			name = Products;
			sourceTree = "<group>";
		};
		7538DFC42066A6F600B33E41 /* Chargeback */ = {
			isa = PBXGroup;
			children = (
				75DB2E752066E18E00DC799F /* Common */,
				75DB2E722066CA2A00DC799F /* Resource */,
				B4E336CD5AC2F0AE0ACEDEC8 /* Feature */,
			);
			path = Chargeback;
			sourceTree = "<group>";
		};
		75C471182066FB620060E0F1 /* Frameworks */ = {
			isa = PBXGroup;
			children = (
				75BEA1B8206F0CC6005ECE89 /* RxCocoa.framework */,
				75C4711C2066FB620060E0F1 /* Alamofire.framework */,
				75C4711D2066FB620060E0F1 /* Alamofire.framework.dSYM */,
				75C471222066FB620060E0F1 /* Moya.framework */,
				75C4711B2066FB620060E0F1 /* Moya.framework.dSYM */,
				75C4711F2066FB620060E0F1 /* Result.framework */,
				75C4711E2066FB620060E0F1 /* Result.framework.dSYM */,
				75C471192066FB620060E0F1 /* RxMoya.framework */,
				75C471202066FB620060E0F1 /* RxMoya.framework.dSYM */,
				75C4711A2066FB620060E0F1 /* RxSwift.framework */,
				75C471212066FB620060E0F1 /* RxSwift.framework.dSYM */,
			);
			name = Frameworks;
			sourceTree = "<group>";
		};
		75DB2E722066CA2A00DC799F /* Resource */ = {
			isa = PBXGroup;
			children = (
				75DB2E742066CA5200DC799F /* Asset */,
				75DB2E732066CA4400DC799F /* SupportFile */,
			);
			path = Resource;
			sourceTree = "<group>";
		};
		75DB2E732066CA4400DC799F /* SupportFile */ = {
			isa = PBXGroup;
			children = (
				7538DFD12066A6F600B33E41 /* Info.plist */,
			);
			path = SupportFile;
			sourceTree = "<group>";
		};
		75DB2E742066CA5200DC799F /* Asset */ = {
			isa = PBXGroup;
			children = (
				7538DFCE2066A6F600B33E41 /* LaunchScreen.storyboard */,
				7538DFCC2066A6F600B33E41 /* Assets.xcassets */,
			);
			path = Asset;
			sourceTree = "<group>";
		};
		75DB2E752066E18E00DC799F /* Common */ = {
			isa = PBXGroup;
			children = (
				75DB2E762066E1AC00DC799F /* Factory */,
				7538DFC52066A6F600B33E41 /* AppDelegate.swift */,
				B4E3351B7F53E09355EE96AD /* BaseViewController.swift */,
				B4E3321BC3629E23B65319EE /* ApplicationProperties.swift */,
				B4E3344EF123D9EAE1D8B494 /* Network */,
				B4E33B9CC287512CC1FDFF68 /* Extension */,
				B4E339E3B21C6CA66640E38F /* View */,
				B4E33C09CB008FF7D04E46CC /* Asset */,
			);
			path = Common;
			sourceTree = "<group>";
		};
		75DB2E762066E1AC00DC799F /* Factory */ = {
			isa = PBXGroup;
			children = (
				75DB2E772066E1D900DC799F /* RootViewControllerFactory.swift */,
				75DB2E7B2066E24D00DC799F /* MainWindowFactory.swift */,
			);
			path = Factory;
			sourceTree = "<group>";
		};
		B4E331B8222111AAB771E263 /* Factory */ = {
			isa = PBXGroup;
			children = (
				B4E3333CA34DE85BA19EBAA2 /* EntryPointBaseModelFactory.swift */,
				B4E3364B27FCBEADA75610CC /* ResourceRouterFactory.swift */,
			);
			path = Factory;
			sourceTree = "<group>";
		};
		B4E332515AE364255E2A4478 /* Controller */ = {
			isa = PBXGroup;
			children = (
				B4E3322620EDCF90FB1E7344 /* NoticeViewController.swift */,
			);
			path = Controller;
			sourceTree = "<group>";
		};
		B4E3326CA24628F26438C791 /* Error */ = {
			isa = PBXGroup;
			children = (
				B4E3384AEB610A1B88169332 /* ResourceError.swift */,
			);
			path = Error;
			sourceTree = "<group>";
		};
		B4E332BE8D4E2678390B7DC4 /* Controller */ = {
			isa = PBXGroup;
			children = (
				B4E33EC7B1A0935B17945EA8 /* ChargebackViewController.swift */,
			);
			path = Controller;
			sourceTree = "<group>";
		};
		B4E3338A7DAEB6D8087F4D1B /* Feature */ = {
			isa = PBXGroup;
			children = (
				B4E336555D096DA67AE5363D /* UserCase */,
			);
			path = Feature;
			sourceTree = "<group>";
		};
		B4E333BBAD1CE3E496F6B62E /* Protocol */ = {
			isa = PBXGroup;
			children = (
				B4E335929AD96515951616CA /* EntryPointResourceGateway.swift */,
				B4E33461E9B8F16AC261E752 /* ResourceGateway.swift */,
				B4E33C607CE179104644B532 /* ResourceRoutable.swift */,
			);
			path = Protocol;
			sourceTree = "<group>";
		};
		B4E3344EF123D9EAE1D8B494 /* Network */ = {
			isa = PBXGroup;
			children = (
				B4E33A4309339B2C6B7D2627 /* Model */,
				B4E336F7612897D2B0718D16 /* Provider */,
				B4E33BD89CCCC477B2988567 /* Gateway */,
				B4E331B8222111AAB771E263 /* Factory */,
			);
			path = Network;
			sourceTree = "<group>";
		};
		B4E3348C998F7410EA2A57F5 /* Presenter */ = {
			isa = PBXGroup;
			children = (
				B4E33A95A10498AC52B452CF /* NoticePresenter.swift */,
			);
			path = Presenter;
			sourceTree = "<group>";
		};
		B4E336555D096DA67AE5363D /* UserCase */ = {
			isa = PBXGroup;
			children = (
			);
			path = UserCase;
			sourceTree = "<group>";
		};
		B4E336CD5AC2F0AE0ACEDEC8 /* Feature */ = {
			isa = PBXGroup;
			children = (
				B4E33C035142D543A7D0B216 /* Notice */,
				B4E3378190B51FBBFAA7C8D3 /* Chargeback */,
			);
			path = Feature;
			sourceTree = "<group>";
		};
		B4E336E8B2B52EE80206315F /* Protocol */ = {
			isa = PBXGroup;
			children = (
				B4E33D4B31D74724607DE556 /* Bindable.swift */,
			);
			path = Protocol;
			sourceTree = "<group>";
		};
		B4E336F7612897D2B0718D16 /* Provider */ = {
			isa = PBXGroup;
			children = (
				B4E33600525F955954F9FA9D /* NubankTarget.swift */,
			);
			path = Provider;
			sourceTree = "<group>";
		};
		B4E33729577AFCF8262902B2 /* View */ = {
			isa = PBXGroup;
			children = (
				B4E33A633FA7833C0EB04589 /* NoticeView.swift */,
			);
			path = View;
			sourceTree = "<group>";
		};
		B4E3378190B51FBBFAA7C8D3 /* Chargeback */ = {
			isa = PBXGroup;
			children = (
				B4E332BE8D4E2678390B7DC4 /* Controller */,
				B4E338826F30BFE423CA6991 /* UseCase */,
				B4E33B9EE4254FB932281902 /* View */,
				B4E3389FCDA1CAC1573755E8 /* ViewModel */,
				B4E33F9303ED05C9F27371D5 /* Presenter */,
			);
			path = Chargeback;
			sourceTree = "<group>";
		};
		B4E338685616AEE42CE1BACB /* View */ = {
			isa = PBXGroup;
			children = (
			);
			path = View;
			sourceTree = "<group>";
		};
		B4E338826F30BFE423CA6991 /* UseCase */ = {
			isa = PBXGroup;
			children = (
				B4E3389EB572BB870ACBF95E /* ShowChargebackInformationUseCase.swift */,
				B4E33CF42B29491BDF2499ED /* ShowChargebackInformationUseCaseFactory.swift */,
			);
			path = UseCase;
			sourceTree = "<group>";
		};
		B4E3389FCDA1CAC1573755E8 /* ViewModel */ = {
			isa = PBXGroup;
			children = (
				B4E3355327D2F843626730F0 /* ChargeViewModel.swift */,
			);
			path = ViewModel;
			sourceTree = "<group>";
		};
		B4E3395B0CC3374D146CDBA0 /* Common */ = {
			isa = PBXGroup;
			children = (
				B4E33721A9DD25BF3D3A2C21 /* BaseViewControllerTests.swift */,
				B4E33AE37CA3C14F7CB90496 /* Extension */,
				B4E33D5D16305E6AC8D2DA78 /* Network */,
				B4E338685616AEE42CE1BACB /* View */,
			);
			path = Common;
			sourceTree = "<group>";
		};
		B4E339E3B21C6CA66640E38F /* View */ = {
			isa = PBXGroup;
			children = (
				B4E3319126382CF198FACC60 /* NuView.swift */,
				B4E339EB745070DC222952B5 /* BindableView.swift */,
				B4E336E8B2B52EE80206315F /* Protocol */,
				B4E33DA1BBC6F367FBD546D1 /* FontSize.swift */,
			);
			path = View;
			sourceTree = "<group>";
		};
		B4E33A4309339B2C6B7D2627 /* Model */ = {
			isa = PBXGroup;
			children = (
				B4E33565EFB26C5D51FAC41B /* BaseModel.swift */,
				B4E33430591D91087C9FD1C3 /* Resource.swift */,
				B4E33FF3480757F3E900EBFA /* Notice.swift */,
				B4E33D503AFC1B24CA20BD18 /* Action.swift */,
				B4E33CB870FA05D5D8C1C337 /* Chargeback.swift */,
				B4E33B6222F6D4667F87F13D /* ReasonDetail.swift */,
			);
			path = Model;
			sourceTree = "<group>";
		};
		B4E33AE37CA3C14F7CB90496 /* Extension */ = {
			isa = PBXGroup;
			children = (
				B4E330925724986058B197C8 /* DictionaryTests.swift */,
			);
			name = Extension;
			sourceTree = "<group>";
		};
		B4E33AE79983310892B31E50 /* ViewModel */ = {
			isa = PBXGroup;
			children = (
				B4E331D4E46248E2484359CA /* NoticeViewModel.swift */,
			);
			path = ViewModel;
			sourceTree = "<group>";
		};
		B4E33B40C67D6A62B03CDA9A /* Factory */ = {
			isa = PBXGroup;
			children = (
				B4E33D6FB36222FE4F444C53 /* ShowNoticeUseCaseFactory.swift */,
			);
			path = Factory;
			sourceTree = "<group>";
		};
		B4E33B9CC287512CC1FDFF68 /* Extension */ = {
			isa = PBXGroup;
			children = (
				B4E3392FEF60189C8CF41146 /* Dictionary.swift */,
				B4E33E22826637B208D3084E /* UIView.swift */,
				B4E33D312BCEE97D9F053A62 /* UIColor.swift */,
				B4E33DF21707F7991CD1CF16 /* NSAttributedString.swift */,
			);
			path = Extension;
			sourceTree = "<group>";
		};
		B4E33B9EE4254FB932281902 /* View */ = {
			isa = PBXGroup;
			children = (
				B4E33F88034A0CD334B5BB2E /* ChargebackView.swift */,
			);
			path = View;
			sourceTree = "<group>";
		};
		B4E33BD89CCCC477B2988567 /* Gateway */ = {
			isa = PBXGroup;
			children = (
				B4E33A981F8641957540E577 /* EntryPointResourceMoyaGateway.swift */,
				B4E339144573656124C19C9E /* ResourceMoyaGateway.swift */,
				B4E3311603F3ADF20FD8EDE2 /* ResourceKey.swift */,
				B4E333BBAD1CE3E496F6B62E /* Protocol */,
				B4E3326CA24628F26438C791 /* Error */,
				B4E339EF392D4771B89BDF16 /* ResourceRouter.swift */,
			);
			path = Gateway;
			sourceTree = "<group>";
		};
		B4E33C035142D543A7D0B216 /* Notice */ = {
			isa = PBXGroup;
			children = (
				B4E332515AE364255E2A4478 /* Controller */,
				B4E33C6B31852596C05DABE0 /* UseCase */,
				B4E33AE79983310892B31E50 /* ViewModel */,
				B4E33729577AFCF8262902B2 /* View */,
				B4E3348C998F7410EA2A57F5 /* Presenter */,
				B4E33B40C67D6A62B03CDA9A /* Factory */,
			);
			path = Notice;
			sourceTree = "<group>";
		};
		B4E33C09CB008FF7D04E46CC /* Asset */ = {
			isa = PBXGroup;
			children = (
				B4E33EA68BADE5B833B97CFE /* Assets.swift */,
			);
			path = Asset;
			sourceTree = "<group>";
		};
		B4E33C6B31852596C05DABE0 /* UseCase */ = {
			isa = PBXGroup;
			children = (
				B4E33BFD2D3E87340CECB6A6 /* ShowNoticeUseCase.swift */,
			);
			path = UseCase;
			sourceTree = "<group>";
		};
		B4E33D5D16305E6AC8D2DA78 /* Network */ = {
			isa = PBXGroup;
			children = (
			);
			path = Network;
			sourceTree = "<group>";
		};
		B4E33F9303ED05C9F27371D5 /* Presenter */ = {
			isa = PBXGroup;
			children = (
				B4E331D566D373CD1C2AD546 /* ChargebackPresenterInput.swift */,
				B4E33BCCB3BF6CD361D11241 /* ChargebackPresenterOutput.swift */,
				B4E33C65DEE5A32E77CE4331 /* ChargebackPresenter.swift */,
				B4E33B5395E0E0FDEA8ADA8A /* ChargebackPresenterFactory.swift */,
			);
			path = Presenter;
			sourceTree = "<group>";
		};
/* End PBXGroup section */

/* Begin PBXNativeTarget section */
		751254692066E6B800FE888E /* ChargebackTests */ = {
			isa = PBXNativeTarget;
			buildConfigurationList = 751254712066E6B800FE888E /* Build configuration list for PBXNativeTarget "ChargebackTests" */;
			buildPhases = (
				751254662066E6B800FE888E /* Sources */,
				751254672066E6B800FE888E /* Frameworks */,
				751254682066E6B800FE888E /* Resources */,
			);
			buildRules = (
			);
			dependencies = (
				751254702066E6B800FE888E /* PBXTargetDependency */,
			);
			name = ChargebackTests;
			productName = ChargebackTests;
			productReference = 7512546A2066E6B800FE888E /* ChargebackTests.xctest */;
			productType = "com.apple.product-type.bundle.unit-test";
		};
		7538DFC12066A6F600B33E41 /* Chargeback */ = {
			isa = PBXNativeTarget;
			buildConfigurationList = 7538DFDF2066A6F700B33E41 /* Build configuration list for PBXNativeTarget "Chargeback" */;
			buildPhases = (
				75C471172066F9860060E0F1 /* Carthage */,
				7538DFBE2066A6F600B33E41 /* Sources */,
				7538DFBF2066A6F600B33E41 /* Frameworks */,
				7538DFC02066A6F600B33E41 /* Resources */,
			);
			buildRules = (
			);
			dependencies = (
			);
			name = Chargeback;
			productName = Chargeback;
			productReference = 7538DFC22066A6F600B33E41 /* Chargeback.app */;
			productType = "com.apple.product-type.application";
		};
/* End PBXNativeTarget section */

/* Begin PBXProject section */
		7538DFBA2066A6F600B33E41 /* Project object */ = {
			isa = PBXProject;
			attributes = {
				LastSwiftUpdateCheck = 0920;
				LastUpgradeCheck = 0920;
				ORGANIZATIONNAME = "Douglas Mendes Barreto";
				TargetAttributes = {
					751254692066E6B800FE888E = {
						CreatedOnToolsVersion = 9.2;
						ProvisioningStyle = Manual;
						TestTargetID = 7538DFC12066A6F600B33E41;
					};
					7538DFC12066A6F600B33E41 = {
						CreatedOnToolsVersion = 9.2;
						ProvisioningStyle = Manual;
					};
				};
			};
			buildConfigurationList = 7538DFBD2066A6F600B33E41 /* Build configuration list for PBXProject "Chargeback" */;
			compatibilityVersion = "Xcode 8.0";
			developmentRegion = en;
			hasScannedForEncodings = 0;
			knownRegions = (
				en,
				Base,
			);
			mainGroup = 7538DFB92066A6F600B33E41;
			productRefGroup = 7538DFC32066A6F600B33E41 /* Products */;
			projectDirPath = "";
			projectRoot = "";
			targets = (
				7538DFC12066A6F600B33E41 /* Chargeback */,
				751254692066E6B800FE888E /* ChargebackTests */,
			);
		};
/* End PBXProject section */

/* Begin PBXResourcesBuildPhase section */
		751254682066E6B800FE888E /* Resources */ = {
			isa = PBXResourcesBuildPhase;
			buildActionMask = 2147483647;
			files = (
			);
			runOnlyForDeploymentPostprocessing = 0;
		};
		7538DFC02066A6F600B33E41 /* Resources */ = {
			isa = PBXResourcesBuildPhase;
			buildActionMask = 2147483647;
			files = (
				7538DFD02066A6F600B33E41 /* LaunchScreen.storyboard in Resources */,
				7538DFCD2066A6F600B33E41 /* Assets.xcassets in Resources */,
			);
			runOnlyForDeploymentPostprocessing = 0;
		};
/* End PBXResourcesBuildPhase section */

/* Begin PBXShellScriptBuildPhase section */
		75C471172066F9860060E0F1 /* Carthage */ = {
			isa = PBXShellScriptBuildPhase;
			buildActionMask = 2147483647;
			files = (
			);
			inputPaths = (
				"$(SRCROOT)/Carthage/Build/iOS/Alamofire.framework",
				"$(SRCROOT)/Carthage/Build/iOS/Moya.framework",
				"$(SRCROOT)/Carthage/Build/iOS/RxMoya.framework",
				"$(SRCROOT)/Carthage/Build/iOS/RxSwift.framework",
				"$(SRCROOT)/Carthage/Build/iOS/Result.framework",
				"$(SRCROOT)/Carthage/Build/iOS/RxCocoa.framework",
			);
			name = Carthage;
			outputPaths = (
				"$(BUILT_PRODUCTS_DIR)/$(FRAMEWORKS_FOLDER_PATH)/Alamofire.framework",
				"$(BUILT_PRODUCTS_DIR)/$(FRAMEWORKS_FOLDER_PATH)/Moya.framework",
				"$(BUILT_PRODUCTS_DIR)/$(FRAMEWORKS_FOLDER_PATH)/Result.framework",
				"$(BUILT_PRODUCTS_DIR)/$(FRAMEWORKS_FOLDER_PATH)/RxMoya.framework",
				"$(BUILT_PRODUCTS_DIR)/$(FRAMEWORKS_FOLDER_PATH)/RxSwift.framework",
				"$(BUILT_PRODUCTS_DIR)/$(FRAMEWORKS_FOLDER_PATH)/RxCocoa.framework",
			);
			runOnlyForDeploymentPostprocessing = 0;
			shellPath = /bin/sh;
			shellScript = "/usr/local/bin/carthage copy-frameworks";
		};
/* End PBXShellScriptBuildPhase section */

/* Begin PBXSourcesBuildPhase section */
		751254662066E6B800FE888E /* Sources */ = {
			isa = PBXSourcesBuildPhase;
			buildActionMask = 2147483647;
			files = (
				B4E33E1FF15D8194459F7316 /* BaseViewControllerTests.swift in Sources */,
				B4E33DD471536B23D2817B53 /* DictionaryTests.swift in Sources */,
			);
			runOnlyForDeploymentPostprocessing = 0;
		};
		7538DFBE2066A6F600B33E41 /* Sources */ = {
			isa = PBXSourcesBuildPhase;
			buildActionMask = 2147483647;
			files = (
				75DB2E7C2066E24D00DC799F /* MainWindowFactory.swift in Sources */,
				7538DFC62066A6F600B33E41 /* AppDelegate.swift in Sources */,
				75DB2E782066E1D900DC799F /* RootViewControllerFactory.swift in Sources */,
				B4E33DDBBE3850656EFFCB12 /* BaseViewController.swift in Sources */,
				B4E331FB28DB6DC20DB43310 /* NoticeViewController.swift in Sources */,
				B4E33A9FF1EADC788450F481 /* ApplicationProperties.swift in Sources */,
				B4E33422B5F491FF39152527 /* BaseModel.swift in Sources */,
				B4E33FBDEAB65E728634C034 /* Resource.swift in Sources */,
				B4E33D45E1610007D32CCBD9 /* Notice.swift in Sources */,
				B4E33385B6E3371F07460CA9 /* Action.swift in Sources */,
				B4E33CEA6924C97BEDF69283 /* Chargeback.swift in Sources */,
				B4E3301ABBCE60EBB79B170C /* ReasonDetail.swift in Sources */,
				B4E33D162C3880CB39B3563C /* NubankTarget.swift in Sources */,
				B4E33049391045373115516C /* EntryPointResourceMoyaGateway.swift in Sources */,
				B4E330DAB2C530ABF65864E0 /* ResourceMoyaGateway.swift in Sources */,
				B4E336DA652B88E1072BD08E /* ResourceKey.swift in Sources */,
				B4E3361EA3477D8337A33FC3 /* EntryPointResourceGateway.swift in Sources */,
				B4E33B262E5A4B4E47A91C88 /* ResourceGateway.swift in Sources */,
				B4E33DA244740CBFFAF44765 /* ResourceError.swift in Sources */,
				B4E337624583CA5CB2CE3D25 /* EntryPointBaseModelFactory.swift in Sources */,
				B4E33EBB34A598965C6AFD38 /* Dictionary.swift in Sources */,
				B4E33135AF5E72FD65D8D5CB /* NoticeView.swift in Sources */,
				B4E336760C5DB84454267EEB /* NoticeViewModel.swift in Sources */,
				B4E33CBD42EED35A29B5A2B1 /* NoticePresenter.swift in Sources */,
				B4E3359D75C7F6B144811FA3 /* UIView.swift in Sources */,
				B4E3319A4C4E0429DE2C2357 /* UIColor.swift in Sources */,
				B4E33E1CF5F9C77B7918F184 /* NSAttributedString.swift in Sources */,
				B4E33B819B8B3CF7D5EBEA22 /* ShowNoticeUseCase.swift in Sources */,
				B4E3324A280DE2B359A5F327 /* ShowNoticeUseCaseFactory.swift in Sources */,
				B4E33375A1ACF6369E0016B0 /* NuView.swift in Sources */,
				B4E331447A1AD42119B4E4A0 /* BindableView.swift in Sources */,
				B4E335C8C9B6AED35DCCD83C /* Bindable.swift in Sources */,
				B4E33808FF82CF40BD5CBE6B /* FontSize.swift in Sources */,
				B4E336EA074FA3B989DC4F65 /* ResourceRouter.swift in Sources */,
				B4E33F73835CD0AD489543FA /* ResourceRoutable.swift in Sources */,
				B4E33EAAFDB17DFA959F6FFB /* ResourceRouterFactory.swift in Sources */,
				B4E33855C5F12674B87FA176 /* ChargebackViewController.swift in Sources */,
				B4E33133A7126DDC5F6C9840 /* ChargebackView.swift in Sources */,
				B4E337DAB1DC6C35C72FA742 /* ChargeViewModel.swift in Sources */,
				B4E3340C401904FF02CD7C1F /* Assets.swift in Sources */,
				B4E33F54A067AD1423865964 /* ShowChargebackInformationUseCase.swift in Sources */,
				B4E339E50CEAEE3C735D2C9F /* ChargebackPresenterInput.swift in Sources */,
				B4E33C080DD53CB4A2DE1847 /* ChargebackPresenterOutput.swift in Sources */,
				B4E33AE060EE57C7683471BC /* ChargebackPresenter.swift in Sources */,
				B4E337481C54829168C5B170 /* ChargebackPresenterFactory.swift in Sources */,
				B4E33D127B49893031DB7B1C /* ShowChargebackInformationUseCaseFactory.swift in Sources */,
			);
			runOnlyForDeploymentPostprocessing = 0;
		};
/* End PBXSourcesBuildPhase section */

/* Begin PBXTargetDependency section */
		751254702066E6B800FE888E /* PBXTargetDependency */ = {
			isa = PBXTargetDependency;
			target = 7538DFC12066A6F600B33E41 /* Chargeback */;
			targetProxy = 7512546F2066E6B800FE888E /* PBXContainerItemProxy */;
		};
/* End PBXTargetDependency section */

/* Begin PBXVariantGroup section */
		7538DFCE2066A6F600B33E41 /* LaunchScreen.storyboard */ = {
			isa = PBXVariantGroup;
			children = (
				7538DFCF2066A6F600B33E41 /* Base */,
			);
			name = LaunchScreen.storyboard;
			sourceTree = "<group>";
		};
/* End PBXVariantGroup section */

/* Begin XCBuildConfiguration section */
		751254722066E6B800FE888E /* Debug */ = {
			isa = XCBuildConfiguration;
			buildSettings = {
				BUNDLE_LOADER = "$(TEST_HOST)";
				CLANG_CXX_LANGUAGE_STANDARD = "gnu++14";
				CLANG_CXX_LIBRARY = "libc++";
				CODE_SIGN_STYLE = Manual;
				DEVELOPMENT_TEAM = WQVLGGBH98;
				INFOPLIST_FILE = ChargebackTests/Info.plist;
				LD_RUNPATH_SEARCH_PATHS = "$(inherited) @executable_path/Frameworks @loader_path/Frameworks";
				PRODUCT_BUNDLE_IDENTIFIER = br.com.ChargebackTests;
				PRODUCT_NAME = "$(TARGET_NAME)";
				PROVISIONING_PROFILE_SPECIFIER = "";
				SWIFT_VERSION = 4.0;
				TARGETED_DEVICE_FAMILY = "1,2";
				TEST_HOST = "$(BUILT_PRODUCTS_DIR)/Chargeback.app/Chargeback";
			};
			name = Debug;
		};
		751254732066E6B800FE888E /* Test */ = {
			isa = XCBuildConfiguration;
			buildSettings = {
				BUNDLE_LOADER = "$(TEST_HOST)";
				CLANG_CXX_LANGUAGE_STANDARD = "gnu++14";
				CLANG_CXX_LIBRARY = "libc++";
				CODE_SIGN_STYLE = Manual;
				DEVELOPMENT_TEAM = WQVLGGBH98;
				INFOPLIST_FILE = ChargebackTests/Info.plist;
				LD_RUNPATH_SEARCH_PATHS = "$(inherited) @executable_path/Frameworks @loader_path/Frameworks";
				PRODUCT_BUNDLE_IDENTIFIER = br.com.ChargebackTests;
				PRODUCT_NAME = "$(TARGET_NAME)";
				PROVISIONING_PROFILE_SPECIFIER = "";
				SWIFT_VERSION = 4.0;
				TARGETED_DEVICE_FAMILY = "1,2";
				TEST_HOST = "$(BUILT_PRODUCTS_DIR)/Chargeback.app/Chargeback";
			};
			name = Test;
		};
		751254742066E6B800FE888E /* Release */ = {
			isa = XCBuildConfiguration;
			buildSettings = {
				BUNDLE_LOADER = "$(TEST_HOST)";
				CLANG_CXX_LANGUAGE_STANDARD = "gnu++14";
				CLANG_CXX_LIBRARY = "libc++";
				CODE_SIGN_STYLE = Manual;
				DEVELOPMENT_TEAM = WQVLGGBH98;
				INFOPLIST_FILE = ChargebackTests/Info.plist;
				LD_RUNPATH_SEARCH_PATHS = "$(inherited) @executable_path/Frameworks @loader_path/Frameworks";
				PRODUCT_BUNDLE_IDENTIFIER = br.com.ChargebackTests;
				PRODUCT_NAME = "$(TARGET_NAME)";
				PROVISIONING_PROFILE_SPECIFIER = "";
				SWIFT_VERSION = 4.0;
				TARGETED_DEVICE_FAMILY = "1,2";
				TEST_HOST = "$(BUILT_PRODUCTS_DIR)/Chargeback.app/Chargeback";
			};
			name = Release;
		};
		7538DFDD2066A6F700B33E41 /* Debug */ = {
			isa = XCBuildConfiguration;
			buildSettings = {
				ALWAYS_SEARCH_USER_PATHS = NO;
				CLANG_ANALYZER_NONNULL = YES;
				CLANG_ANALYZER_NUMBER_OBJECT_CONVERSION = YES_AGGRESSIVE;
				CLANG_CXX_LANGUAGE_STANDARD = "compiler-default";
				CLANG_CXX_LIBRARY = "compiler-default";
				CLANG_ENABLE_MODULES = YES;
				CLANG_ENABLE_OBJC_ARC = YES;
				CLANG_WARN_BLOCK_CAPTURE_AUTORELEASING = YES;
				CLANG_WARN_BOOL_CONVERSION = YES;
				CLANG_WARN_COMMA = YES;
				CLANG_WARN_CONSTANT_CONVERSION = YES;
				CLANG_WARN_DIRECT_OBJC_ISA_USAGE = YES_ERROR;
				CLANG_WARN_DOCUMENTATION_COMMENTS = YES;
				CLANG_WARN_EMPTY_BODY = YES;
				CLANG_WARN_ENUM_CONVERSION = YES;
				CLANG_WARN_INFINITE_RECURSION = YES;
				CLANG_WARN_INT_CONVERSION = YES;
				CLANG_WARN_NON_LITERAL_NULL_CONVERSION = YES;
				CLANG_WARN_OBJC_LITERAL_CONVERSION = YES;
				CLANG_WARN_OBJC_ROOT_CLASS = YES_ERROR;
				CLANG_WARN_RANGE_LOOP_ANALYSIS = YES;
				CLANG_WARN_STRICT_PROTOTYPES = YES;
				CLANG_WARN_SUSPICIOUS_MOVE = YES;
				CLANG_WARN_UNGUARDED_AVAILABILITY = YES_AGGRESSIVE;
				CLANG_WARN_UNREACHABLE_CODE = YES;
				CLANG_WARN__DUPLICATE_METHOD_MATCH = YES;
				CODE_SIGN_IDENTITY = "iPhone Developer";
				COPY_PHASE_STRIP = NO;
				DEBUG_INFORMATION_FORMAT = dwarf;
				ENABLE_STRICT_OBJC_MSGSEND = YES;
				ENABLE_TESTABILITY = YES;
				GCC_C_LANGUAGE_STANDARD = gnu11;
				GCC_DYNAMIC_NO_PIC = NO;
				GCC_NO_COMMON_BLOCKS = YES;
				GCC_OPTIMIZATION_LEVEL = 0;
				GCC_PREPROCESSOR_DEFINITIONS = (
					"DEBUG=1",
					"$(inherited)",
				);
				GCC_WARN_64_TO_32_BIT_CONVERSION = YES;
				GCC_WARN_ABOUT_RETURN_TYPE = YES_ERROR;
				GCC_WARN_UNDECLARED_SELECTOR = YES;
				GCC_WARN_UNINITIALIZED_AUTOS = YES_AGGRESSIVE;
				GCC_WARN_UNUSED_FUNCTION = YES;
				GCC_WARN_UNUSED_VARIABLE = YES;
				IPHONEOS_DEPLOYMENT_TARGET = 11.2;
				MTL_ENABLE_DEBUG_INFO = YES;
				ONLY_ACTIVE_ARCH = YES;
				OTHER_SWIFT_FLAGS = "-Xfrontend -warn-long-function-bodies=100 -Xfrontend  -warn-long-expression-type-checking=100";
				SDKROOT = iphoneos;
				SWIFT_ACTIVE_COMPILATION_CONDITIONS = DEBUG;
				SWIFT_OPTIMIZATION_LEVEL = "-Onone";
			};
			name = Debug;
		};
		7538DFDE2066A6F700B33E41 /* Release */ = {
			isa = XCBuildConfiguration;
			buildSettings = {
				ALWAYS_SEARCH_USER_PATHS = NO;
				CLANG_ANALYZER_NONNULL = YES;
				CLANG_ANALYZER_NUMBER_OBJECT_CONVERSION = YES_AGGRESSIVE;
				CLANG_CXX_LANGUAGE_STANDARD = "compiler-default";
				CLANG_CXX_LIBRARY = "compiler-default";
				CLANG_ENABLE_MODULES = YES;
				CLANG_ENABLE_OBJC_ARC = YES;
				CLANG_WARN_BLOCK_CAPTURE_AUTORELEASING = YES;
				CLANG_WARN_BOOL_CONVERSION = YES;
				CLANG_WARN_COMMA = YES;
				CLANG_WARN_CONSTANT_CONVERSION = YES;
				CLANG_WARN_DIRECT_OBJC_ISA_USAGE = YES_ERROR;
				CLANG_WARN_DOCUMENTATION_COMMENTS = YES;
				CLANG_WARN_EMPTY_BODY = YES;
				CLANG_WARN_ENUM_CONVERSION = YES;
				CLANG_WARN_INFINITE_RECURSION = YES;
				CLANG_WARN_INT_CONVERSION = YES;
				CLANG_WARN_NON_LITERAL_NULL_CONVERSION = YES;
				CLANG_WARN_OBJC_LITERAL_CONVERSION = YES;
				CLANG_WARN_OBJC_ROOT_CLASS = YES_ERROR;
				CLANG_WARN_RANGE_LOOP_ANALYSIS = YES;
				CLANG_WARN_STRICT_PROTOTYPES = YES;
				CLANG_WARN_SUSPICIOUS_MOVE = YES;
				CLANG_WARN_UNGUARDED_AVAILABILITY = YES_AGGRESSIVE;
				CLANG_WARN_UNREACHABLE_CODE = YES;
				CLANG_WARN__DUPLICATE_METHOD_MATCH = YES;
				CODE_SIGN_IDENTITY = "iPhone Developer";
				COPY_PHASE_STRIP = NO;
				DEBUG_INFORMATION_FORMAT = "dwarf-with-dsym";
				ENABLE_NS_ASSERTIONS = NO;
				ENABLE_STRICT_OBJC_MSGSEND = YES;
				GCC_C_LANGUAGE_STANDARD = gnu11;
				GCC_NO_COMMON_BLOCKS = YES;
				GCC_WARN_64_TO_32_BIT_CONVERSION = YES;
				GCC_WARN_ABOUT_RETURN_TYPE = YES_ERROR;
				GCC_WARN_UNDECLARED_SELECTOR = YES;
				GCC_WARN_UNINITIALIZED_AUTOS = YES_AGGRESSIVE;
				GCC_WARN_UNUSED_FUNCTION = YES;
				GCC_WARN_UNUSED_VARIABLE = YES;
				IPHONEOS_DEPLOYMENT_TARGET = 11.2;
				MTL_ENABLE_DEBUG_INFO = NO;
				OTHER_SWIFT_FLAGS = "-Xfrontend -warn-long-function-bodies=100 -Xfrontend  -warn-long-expression-type-checking=100";
				SDKROOT = iphoneos;
				SWIFT_OPTIMIZATION_LEVEL = "-Owholemodule";
				VALIDATE_PRODUCT = YES;
			};
			name = Release;
		};
		7538DFE02066A6F700B33E41 /* Debug */ = {
			isa = XCBuildConfiguration;
			buildSettings = {
				ASSETCATALOG_COMPILER_APPICON_NAME = AppIcon;
				"CODE_SIGN_IDENTITY[sdk=iphoneos*]" = "iPhone Developer";
				CODE_SIGN_STYLE = Manual;
				DEVELOPMENT_TEAM = WQVLGGBH98;
				FRAMEWORK_SEARCH_PATHS = (
					"$(inherited)",
					"$(PROJECT_DIR)/Carthage/Build/iOS",
				);
				INFOPLIST_FILE = "$(SRCROOT)/Chargeback/Resource/SupportFile/Info.plist";
				LD_RUNPATH_SEARCH_PATHS = "$(inherited) @executable_path/Frameworks";
				OTHER_SWIFT_FLAGS = "$(inherited)";
				PRODUCT_BUNDLE_IDENTIFIER = br.com.Chargeback;
				PRODUCT_NAME = "$(TARGET_NAME)";
				PROVISIONING_PROFILE = "74dcbc6d-5e10-44bb-9554-46b2d53a8318";
				PROVISIONING_PROFILE_SPECIFIER = "match Development br.com.Chargeback";
				SWIFT_VERSION = 4.0;
				TARGETED_DEVICE_FAMILY = 1;
			};
			name = Debug;
		};
		7538DFE12066A6F700B33E41 /* Release */ = {
			isa = XCBuildConfiguration;
			buildSettings = {
				ASSETCATALOG_COMPILER_APPICON_NAME = AppIcon;
				"CODE_SIGN_IDENTITY[sdk=iphoneos*]" = "iPhone Distribution";
				CODE_SIGN_STYLE = Manual;
				DEVELOPMENT_TEAM = WQVLGGBH98;
				FRAMEWORK_SEARCH_PATHS = (
					"$(inherited)",
					"$(PROJECT_DIR)/Carthage/Build/iOS",
				);
				INFOPLIST_FILE = "$(SRCROOT)/Chargeback/Resource/SupportFile/Info.plist";
				LD_RUNPATH_SEARCH_PATHS = "$(inherited) @executable_path/Frameworks";
				OTHER_SWIFT_FLAGS = "$(inherited)";
				PRODUCT_BUNDLE_IDENTIFIER = br.com.Chargeback;
				PRODUCT_NAME = "$(TARGET_NAME)";
				PROVISIONING_PROFILE = "323764fa-e7f6-4bd6-9dfd-4ef6f47d2d37";
				PROVISIONING_PROFILE_SPECIFIER = "match AppStore br.com.Chargeback";
				SWIFT_VERSION = 4.0;
				TARGETED_DEVICE_FAMILY = 1;
			};
			name = Release;
		};
		7538DFE52066A99C00B33E41 /* Test */ = {
			isa = XCBuildConfiguration;
			buildSettings = {
				ALWAYS_SEARCH_USER_PATHS = NO;
				CLANG_ANALYZER_NONNULL = YES;
				CLANG_ANALYZER_NUMBER_OBJECT_CONVERSION = YES_AGGRESSIVE;
				CLANG_CXX_LANGUAGE_STANDARD = "compiler-default";
				CLANG_CXX_LIBRARY = "compiler-default";
				CLANG_ENABLE_MODULES = YES;
				CLANG_ENABLE_OBJC_ARC = YES;
				CLANG_WARN_BLOCK_CAPTURE_AUTORELEASING = YES;
				CLANG_WARN_BOOL_CONVERSION = YES;
				CLANG_WARN_COMMA = YES;
				CLANG_WARN_CONSTANT_CONVERSION = YES;
				CLANG_WARN_DIRECT_OBJC_ISA_USAGE = YES_ERROR;
				CLANG_WARN_DOCUMENTATION_COMMENTS = YES;
				CLANG_WARN_EMPTY_BODY = YES;
				CLANG_WARN_ENUM_CONVERSION = YES;
				CLANG_WARN_INFINITE_RECURSION = YES;
				CLANG_WARN_INT_CONVERSION = YES;
				CLANG_WARN_NON_LITERAL_NULL_CONVERSION = YES;
				CLANG_WARN_OBJC_LITERAL_CONVERSION = YES;
				CLANG_WARN_OBJC_ROOT_CLASS = YES_ERROR;
				CLANG_WARN_RANGE_LOOP_ANALYSIS = YES;
				CLANG_WARN_STRICT_PROTOTYPES = YES;
				CLANG_WARN_SUSPICIOUS_MOVE = YES;
				CLANG_WARN_UNGUARDED_AVAILABILITY = YES_AGGRESSIVE;
				CLANG_WARN_UNREACHABLE_CODE = YES;
				CLANG_WARN__DUPLICATE_METHOD_MATCH = YES;
				CODE_SIGN_IDENTITY = "iPhone Developer";
				COPY_PHASE_STRIP = NO;
				DEBUG_INFORMATION_FORMAT = dwarf;
				ENABLE_STRICT_OBJC_MSGSEND = YES;
				ENABLE_TESTABILITY = YES;
				GCC_C_LANGUAGE_STANDARD = gnu11;
				GCC_DYNAMIC_NO_PIC = NO;
				GCC_NO_COMMON_BLOCKS = YES;
				GCC_OPTIMIZATION_LEVEL = 0;
				GCC_PREPROCESSOR_DEFINITIONS = (
					"DEBUG=1",
					"$(inherited)",
				);
				GCC_WARN_64_TO_32_BIT_CONVERSION = YES;
				GCC_WARN_ABOUT_RETURN_TYPE = YES_ERROR;
				GCC_WARN_UNDECLARED_SELECTOR = YES;
				GCC_WARN_UNINITIALIZED_AUTOS = YES_AGGRESSIVE;
				GCC_WARN_UNUSED_FUNCTION = YES;
				GCC_WARN_UNUSED_VARIABLE = YES;
				IPHONEOS_DEPLOYMENT_TARGET = 11.2;
				MTL_ENABLE_DEBUG_INFO = YES;
				ONLY_ACTIVE_ARCH = YES;
				OTHER_SWIFT_FLAGS = "-Xfrontend -warn-long-function-bodies=100 -Xfrontend  -warn-long-expression-type-checking=100";
				SDKROOT = iphoneos;
				SWIFT_ACTIVE_COMPILATION_CONDITIONS = "DEBUG TEST";
				SWIFT_OPTIMIZATION_LEVEL = "-Onone";
			};
			name = Test;
		};
		7538DFE62066A99C00B33E41 /* Test */ = {
			isa = XCBuildConfiguration;
			buildSettings = {
				ASSETCATALOG_COMPILER_APPICON_NAME = AppIcon;
				"CODE_SIGN_IDENTITY[sdk=iphoneos*]" = "iPhone Developer";
				CODE_SIGN_STYLE = Manual;
				DEVELOPMENT_TEAM = WQVLGGBH98;
				FRAMEWORK_SEARCH_PATHS = (
					"$(inherited)",
					"$(PROJECT_DIR)/Carthage/Build/iOS",
				);
				INFOPLIST_FILE = "$(SRCROOT)/Chargeback/Resource/SupportFile/Info.plist";
				LD_RUNPATH_SEARCH_PATHS = "$(inherited) @executable_path/Frameworks";
				OTHER_SWIFT_FLAGS = "$(inherited)";
				PRODUCT_BUNDLE_IDENTIFIER = br.com.Chargeback;
				PRODUCT_NAME = "$(TARGET_NAME)";
				PROVISIONING_PROFILE = "74dcbc6d-5e10-44bb-9554-46b2d53a8318";
				PROVISIONING_PROFILE_SPECIFIER = "match Development br.com.Chargeback";
				SWIFT_VERSION = 4.0;
				TARGETED_DEVICE_FAMILY = 1;
			};
			name = Test;
		};
/* End XCBuildConfiguration section */

/* Begin XCConfigurationList section */
		751254712066E6B800FE888E /* Build configuration list for PBXNativeTarget "ChargebackTests" */ = {
			isa = XCConfigurationList;
			buildConfigurations = (
				751254722066E6B800FE888E /* Debug */,
				751254732066E6B800FE888E /* Test */,
				751254742066E6B800FE888E /* Release */,
			);
			defaultConfigurationIsVisible = 0;
			defaultConfigurationName = Release;
		};
		7538DFBD2066A6F600B33E41 /* Build configuration list for PBXProject "Chargeback" */ = {
			isa = XCConfigurationList;
			buildConfigurations = (
				7538DFDD2066A6F700B33E41 /* Debug */,
				7538DFE52066A99C00B33E41 /* Test */,
				7538DFDE2066A6F700B33E41 /* Release */,
			);
			defaultConfigurationIsVisible = 0;
			defaultConfigurationName = Release;
		};
		7538DFDF2066A6F700B33E41 /* Build configuration list for PBXNativeTarget "Chargeback" */ = {
			isa = XCConfigurationList;
			buildConfigurations = (
				7538DFE02066A6F700B33E41 /* Debug */,
				7538DFE62066A99C00B33E41 /* Test */,
				7538DFE12066A6F700B33E41 /* Release */,
			);
			defaultConfigurationIsVisible = 0;
			defaultConfigurationName = Release;
		};
/* End XCConfigurationList section */
	};
	rootObject = 7538DFBA2066A6F600B33E41 /* Project object */;
}
